
Microsoft Visual Studio Solution File, Format Version 12.00
# Visual Studio 15
VisualStudioVersion = 15.0.28307.1000
MinimumVisualStudioVersion = 10.0.40219.1
Project("{FAE04EC0-301F-11D3-BF4B-00C04F79EFBC}") = "ABC.BS", "ABC.BS\ABC.BS.csproj", "{0CB86684-94A3-4C4D-9737-81078791BFB2}"
EndProject
Global
	GlobalSection(SolutionConfigurationPlatforms) = preSolution
		Debug|Any CPU = Debug|Any CPU
		Release|Any CPU = Release|Any CPU
	EndGlobalSection
	GlobalSection(ProjectConfigurationPlatforms) = postSolution
		{0CB86684-94A3-4C4D-9737-81078791BFB2}.Debug|Any CPU.ActiveCfg = Debug|Any CPU
		{0CB86684-94A3-4C4D-9737-81078791BFB2}.Debug|Any CPU.Build.0 = Debug|Any CPU
		{0CB86684-94A3-4C4D-9737-81078791BFB2}.Release|Any CPU.ActiveCfg = Release|Any CPU
		{0CB86684-94A3-4C4D-9737-81078791BFB2}.Release|Any CPU.Build.0 = Release|Any CPU
	EndGlobalSection
	GlobalSection(SolutionProperties) = preSolution
		HideSolutionNode = FALSE
	EndGlobalSection
	GlobalSection(ExtensibilityGlobals) = postSolution
		SolutionGuid = {A2A53665-8EF2-4058-9CEB-FD0B18A6286B}
	EndGlobalSection
EndGlobal
